
Microsoft Visual Studio Solution File, Format Version 12.00
# Visual Studio Version 17
VisualStudioVersion = 17.7.34024.191
MinimumVisualStudioVersion = 10.0.40219.1
Project("{FAE04EC0-301F-11D3-BF4B-00C04F79EFBC}") = "Lab3A", "Lab3A\Lab3A.csproj", "{B22AB7DB-0BE7-4D42-B562-DFFD28658B24}"
EndProject
Project("{FAE04EC0-301F-11D3-BF4B-00C04F79EFBC}") = "Lab3B", "Lab3B\Lab3B.csproj", "{BE659831-5C62-4EA8-A326-F33F2406E758}"
EndProject
Global
	GlobalSection(SolutionConfigurationPlatforms) = preSolution
		Debug|Any CPU = Debug|Any CPU
		Release|Any CPU = Release|Any CPU
	EndGlobalSection
	GlobalSection(ProjectConfigurationPlatforms) = postSolution
		{B22AB7DB-0BE7-4D42-B562-DFFD28658B24}.Debug|Any CPU.ActiveCfg = Debug|Any CPU
		{B22AB7DB-0BE7-4D42-B562-DFFD28658B24}.Debug|Any CPU.Build.0 = Debug|Any CPU
		{B22AB7DB-0BE7-4D42-B562-DFFD28658B24}.Release|Any CPU.ActiveCfg = Release|Any CPU
		{B22AB7DB-0BE7-4D42-B562-DFFD28658B24}.Release|Any CPU.Build.0 = Release|Any CPU
		{BE659831-5C62-4EA8-A326-F33F2406E758}.Debug|Any CPU.ActiveCfg = Debug|Any CPU
		{BE659831-5C62-4EA8-A326-F33F2406E758}.Debug|Any CPU.Build.0 = Debug|Any CPU
		{BE659831-5C62-4EA8-A326-F33F2406E758}.Release|Any CPU.ActiveCfg = Release|Any CPU
		{BE659831-5C62-4EA8-A326-F33F2406E758}.Release|Any CPU.Build.0 = Release|Any CPU
	EndGlobalSection
	GlobalSection(SolutionProperties) = preSolution
		HideSolutionNode = FALSE
	EndGlobalSection
	GlobalSection(ExtensibilityGlobals) = postSolution
		SolutionGuid = {AD2B4187-34CD-4C5C-8343-12A7D9A8514F}
	EndGlobalSection
EndGlobal
